
Microsoft Visual Studio Solution File, Format Version 12.00
Project("{FAE04EC0-301F-11D3-BF4B-00C04F79EFBC}") = "CourseProjectP1", "CourseProjectP1\CourseProjectP1.csproj", "{EDDBBAC4-E5C5-4710-8176-A10037D7E450}"
EndProject
Global
	GlobalSection(SolutionConfigurationPlatforms) = preSolution
		Debug|Any CPU = Debug|Any CPU
		Release|Any CPU = Release|Any CPU
	EndGlobalSection
	GlobalSection(ProjectConfigurationPlatforms) = postSolution
		{EDDBBAC4-E5C5-4710-8176-A10037D7E450}.Debug|Any CPU.ActiveCfg = Debug|Any CPU
		{EDDBBAC4-E5C5-4710-8176-A10037D7E450}.Debug|Any CPU.Build.0 = Debug|Any CPU
		{EDDBBAC4-E5C5-4710-8176-A10037D7E450}.Release|Any CPU.ActiveCfg = Release|Any CPU
		{EDDBBAC4-E5C5-4710-8176-A10037D7E450}.Release|Any CPU.Build.0 = Release|Any CPU
	EndGlobalSection
EndGlobal
